
Microsoft Visual Studio Solution File, Format Version 12.00
# Visual Studio Version 16
VisualStudioVersion = 16.0.31605.320
MinimumVisualStudioVersion = 10.0.40219.1
Project("{FAE04EC0-301F-11D3-BF4B-00C04F79EFBC}") = "RSS_KQ_XOSO", "RSS_KQ_XOSO\RSS_KQ_XOSO.csproj", "{557A9522-61C1-4A0F-8986-F174E85684CB}"
EndProject
Global
	GlobalSection(SolutionConfigurationPlatforms) = preSolution
		Debug|Any CPU = Debug|Any CPU
		Release|Any CPU = Release|Any CPU
	EndGlobalSection
	GlobalSection(ProjectConfigurationPlatforms) = postSolution
		{557A9522-61C1-4A0F-8986-F174E85684CB}.Debug|Any CPU.ActiveCfg = Debug|Any CPU
		{557A9522-61C1-4A0F-8986-F174E85684CB}.Debug|Any CPU.Build.0 = Debug|Any CPU
		{557A9522-61C1-4A0F-8986-F174E85684CB}.Release|Any CPU.ActiveCfg = Release|Any CPU
		{557A9522-61C1-4A0F-8986-F174E85684CB}.Release|Any CPU.Build.0 = Release|Any CPU
	EndGlobalSection
	GlobalSection(SolutionProperties) = preSolution
		HideSolutionNode = FALSE
	EndGlobalSection
	GlobalSection(ExtensibilityGlobals) = postSolution
		SolutionGuid = {3FB1CB35-ECC4-4682-A2D5-9C9023DEF5F3}
	EndGlobalSection
EndGlobal
